// !$*UTF8*$!
{
	archiveVersion = 1;
	classes = {
	};
	objectVersion = 56;
	objects = {

/* Begin PBXBuildFile section */
		92E8788CA2A1E0754B57020D /* Pods_DZ.framework in Frameworks */ = {isa = PBXBuildFile; fileRef = E1C7DDDEAC19050FF9F0D979 /* Pods_DZ.framework */; };
		CE4B24FD2A8BFB340025BF3B /* image.jpg in Resources */ = {isa = PBXBuildFile; fileRef = CE4B24FC2A8BFB330025BF3B /* image.jpg */; };
		CE4B24FF2A8C1B9E0025BF3B /* DZProfileHeaderViewModel.swift in Sources */ = {isa = PBXBuildFile; fileRef = CE4B24FE2A8C1B9E0025BF3B /* DZProfileHeaderViewModel.swift */; };
		CE4B25022A8C78960025BF3B /* NeueBit-Bold.otf in Resources */ = {isa = PBXBuildFile; fileRef = CE4B25002A8C75920025BF3B /* NeueBit-Bold.otf */; };
		CE4B25032A8C78990025BF3B /* NeueBit-Regular.otf in Resources */ = {isa = PBXBuildFile; fileRef = CE4B25012A8C75920025BF3B /* NeueBit-Regular.otf */; };
		CE4B250B2A8DA6EC0025BF3B /* DZGifView.swift in Sources */ = {isa = PBXBuildFile; fileRef = CE4B250A2A8DA6EC0025BF3B /* DZGifView.swift */; };
		CE70B7FA2A8E80AD000BC3ED /* DZHelpers.swift in Sources */ = {isa = PBXBuildFile; fileRef = CE70B7F92A8E80AD000BC3ED /* DZHelpers.swift */; };
		CE78A16A2A91C15900930995 /* DZColors.swift in Sources */ = {isa = PBXBuildFile; fileRef = CE78A1692A91C15900930995 /* DZColors.swift */; };
		CE9ED16C2A8AEB3E0073C7ED /* AppDelegate.swift in Sources */ = {isa = PBXBuildFile; fileRef = CE9ED16B2A8AEB3E0073C7ED /* AppDelegate.swift */; };
		CE9ED16E2A8AEB3E0073C7ED /* SceneDelegate.swift in Sources */ = {isa = PBXBuildFile; fileRef = CE9ED16D2A8AEB3E0073C7ED /* SceneDelegate.swift */; };
		CE9ED1702A8AEB3E0073C7ED /* DZProfileViewController.swift in Sources */ = {isa = PBXBuildFile; fileRef = CE9ED16F2A8AEB3E0073C7ED /* DZProfileViewController.swift */; };
		CE9ED1752A8AEB430073C7ED /* Assets.xcassets in Resources */ = {isa = PBXBuildFile; fileRef = CE9ED1742A8AEB430073C7ED /* Assets.xcassets */; };
		CE9ED1782A8AEB430073C7ED /* LaunchScreen.storyboard in Resources */ = {isa = PBXBuildFile; fileRef = CE9ED1762A8AEB430073C7ED /* LaunchScreen.storyboard */; };
		CE9ED1802A8AF5660073C7ED /* DZUser.swift in Sources */ = {isa = PBXBuildFile; fileRef = CE9ED17F2A8AF5660073C7ED /* DZUser.swift */; };
		CE9ED1822A8AF5D70073C7ED /* DZPillButton.swift in Sources */ = {isa = PBXBuildFile; fileRef = CE9ED1812A8AF5D70073C7ED /* DZPillButton.swift */; };
		CE9ED1842A8B12C70073C7ED /* DZProfileHeaderView.swift in Sources */ = {isa = PBXBuildFile; fileRef = CE9ED1832A8B12C70073C7ED /* DZProfileHeaderView.swift */; };
/* End PBXBuildFile section */

/* Begin PBXFileReference section */
		27222401F3F21031D211154D /* Pods-DZ.debug.xcconfig */ = {isa = PBXFileReference; includeInIndex = 1; lastKnownFileType = text.xcconfig; name = "Pods-DZ.debug.xcconfig"; path = "Target Support Files/Pods-DZ/Pods-DZ.debug.xcconfig"; sourceTree = "<group>"; };
		9A4AF48EE523477811A07E17 /* Pods-DZ.release.xcconfig */ = {isa = PBXFileReference; includeInIndex = 1; lastKnownFileType = text.xcconfig; name = "Pods-DZ.release.xcconfig"; path = "Target Support Files/Pods-DZ/Pods-DZ.release.xcconfig"; sourceTree = "<group>"; };
		CE4B24FC2A8BFB330025BF3B /* image.jpg */ = {isa = PBXFileReference; lastKnownFileType = image.jpeg; path = image.jpg; sourceTree = "<group>"; };
		CE4B24FE2A8C1B9E0025BF3B /* DZProfileHeaderViewModel.swift */ = {isa = PBXFileReference; lastKnownFileType = sourcecode.swift; path = DZProfileHeaderViewModel.swift; sourceTree = "<group>"; };
		CE4B25002A8C75920025BF3B /* NeueBit-Bold.otf */ = {isa = PBXFileReference; lastKnownFileType = file; path = "NeueBit-Bold.otf"; sourceTree = "<group>"; };
		CE4B25012A8C75920025BF3B /* NeueBit-Regular.otf */ = {isa = PBXFileReference; lastKnownFileType = file; path = "NeueBit-Regular.otf"; sourceTree = "<group>"; };
		CE4B250A2A8DA6EC0025BF3B /* DZGifView.swift */ = {isa = PBXFileReference; lastKnownFileType = sourcecode.swift; path = DZGifView.swift; sourceTree = "<group>"; };
		CE70B7F92A8E80AD000BC3ED /* DZHelpers.swift */ = {isa = PBXFileReference; lastKnownFileType = sourcecode.swift; path = DZHelpers.swift; sourceTree = "<group>"; };
		CE78A1692A91C15900930995 /* DZColors.swift */ = {isa = PBXFileReference; lastKnownFileType = sourcecode.swift; path = DZColors.swift; sourceTree = "<group>"; };
		CE9ED1682A8AEB3E0073C7ED /* DZ.app */ = {isa = PBXFileReference; explicitFileType = wrapper.application; includeInIndex = 0; path = DZ.app; sourceTree = BUILT_PRODUCTS_DIR; };
		CE9ED16B2A8AEB3E0073C7ED /* AppDelegate.swift */ = {isa = PBXFileReference; lastKnownFileType = sourcecode.swift; path = AppDelegate.swift; sourceTree = "<group>"; };
		CE9ED16D2A8AEB3E0073C7ED /* SceneDelegate.swift */ = {isa = PBXFileReference; lastKnownFileType = sourcecode.swift; path = SceneDelegate.swift; sourceTree = "<group>"; };
		CE9ED16F2A8AEB3E0073C7ED /* DZProfileViewController.swift */ = {isa = PBXFileReference; lastKnownFileType = sourcecode.swift; path = DZProfileViewController.swift; sourceTree = "<group>"; };
		CE9ED1742A8AEB430073C7ED /* Assets.xcassets */ = {isa = PBXFileReference; lastKnownFileType = folder.assetcatalog; path = Assets.xcassets; sourceTree = "<group>"; };
		CE9ED1772A8AEB430073C7ED /* Base */ = {isa = PBXFileReference; lastKnownFileType = file.storyboard; name = Base; path = Base.lproj/LaunchScreen.storyboard; sourceTree = "<group>"; };
		CE9ED1792A8AEB430073C7ED /* Info.plist */ = {isa = PBXFileReference; lastKnownFileType = text.plist.xml; path = Info.plist; sourceTree = "<group>"; };
		CE9ED17F2A8AF5660073C7ED /* DZUser.swift */ = {isa = PBXFileReference; lastKnownFileType = sourcecode.swift; path = DZUser.swift; sourceTree = "<group>"; };
		CE9ED1812A8AF5D70073C7ED /* DZPillButton.swift */ = {isa = PBXFileReference; lastKnownFileType = sourcecode.swift; path = DZPillButton.swift; sourceTree = "<group>"; };
		CE9ED1832A8B12C70073C7ED /* DZProfileHeaderView.swift */ = {isa = PBXFileReference; lastKnownFileType = sourcecode.swift; path = DZProfileHeaderView.swift; sourceTree = "<group>"; };
		E1C7DDDEAC19050FF9F0D979 /* Pods_DZ.framework */ = {isa = PBXFileReference; explicitFileType = wrapper.framework; includeInIndex = 0; path = Pods_DZ.framework; sourceTree = BUILT_PRODUCTS_DIR; };
/* End PBXFileReference section */

/* Begin PBXFrameworksBuildPhase section */
		CE9ED1652A8AEB3E0073C7ED /* Frameworks */ = {
			isa = PBXFrameworksBuildPhase;
			buildActionMask = 2147483647;
			files = (
				92E8788CA2A1E0754B57020D /* Pods_DZ.framework in Frameworks */,
			);
			runOnlyForDeploymentPostprocessing = 0;
		};
/* End PBXFrameworksBuildPhase section */

/* Begin PBXGroup section */
		46A0449C3C7B5DD1E7B913BF /* Pods */ = {
			isa = PBXGroup;
			children = (
				27222401F3F21031D211154D /* Pods-DZ.debug.xcconfig */,
				9A4AF48EE523477811A07E17 /* Pods-DZ.release.xcconfig */,
			);
			path = Pods;
			sourceTree = "<group>";
		};
		71B3F1D8256DDA93A9296E79 /* Frameworks */ = {
			isa = PBXGroup;
			children = (
				E1C7DDDEAC19050FF9F0D979 /* Pods_DZ.framework */,
			);
			name = Frameworks;
			sourceTree = "<group>";
		};
		CE331A432A93AE82008034FE /* Controllers */ = {
			isa = PBXGroup;
			children = (
				CE9ED16F2A8AEB3E0073C7ED /* DZProfileViewController.swift */,
			);
			path = Controllers;
			sourceTree = "<group>";
		};
		CE331A442A93AE99008034FE /* Resources */ = {
			isa = PBXGroup;
			children = (
				CE9ED1742A8AEB430073C7ED /* Assets.xcassets */,
				CE4B24FC2A8BFB330025BF3B /* image.jpg */,
				CE4B25012A8C75920025BF3B /* NeueBit-Regular.otf */,
				CE4B25002A8C75920025BF3B /* NeueBit-Bold.otf */,
			);
			path = Resources;
			sourceTree = "<group>";
		};
		CE331A452A93AEC8008034FE /* Helpers */ = {
			isa = PBXGroup;
			children = (
				CE70B7F92A8E80AD000BC3ED /* DZHelpers.swift */,
				CE78A1692A91C15900930995 /* DZColors.swift */,
			);
			path = Helpers;
			sourceTree = "<group>";
		};
		CE4B250C2A8DBAB20025BF3B /* Models */ = {
			isa = PBXGroup;
			children = (
				CE9ED17F2A8AF5660073C7ED /* DZUser.swift */,
			);
			path = Models;
			sourceTree = "<group>";
		};
		CE4B250D2A8DBABB0025BF3B /* Views */ = {
			isa = PBXGroup;
			children = (
				CE9ED1812A8AF5D70073C7ED /* DZPillButton.swift */,
				CE4B250A2A8DA6EC0025BF3B /* DZGifView.swift */,
				CE9ED1832A8B12C70073C7ED /* DZProfileHeaderView.swift */,
			);
			path = Views;
			sourceTree = "<group>";
		};
		CE4B250E2A8DBAC20025BF3B /* ViewModels */ = {
			isa = PBXGroup;
			children = (
				CE4B24FE2A8C1B9E0025BF3B /* DZProfileHeaderViewModel.swift */,
			);
			path = ViewModels;
			sourceTree = "<group>";
		};
		CE9ED15F2A8AEB3E0073C7ED = {
			isa = PBXGroup;
			children = (
				CE9ED16A2A8AEB3E0073C7ED /* DZ */,
				CE9ED1692A8AEB3E0073C7ED /* Products */,
				46A0449C3C7B5DD1E7B913BF /* Pods */,
				71B3F1D8256DDA93A9296E79 /* Frameworks */,
			);
			sourceTree = "<group>";
		};
		CE9ED1692A8AEB3E0073C7ED /* Products */ = {
			isa = PBXGroup;
			children = (
				CE9ED1682A8AEB3E0073C7ED /* DZ.app */,
			);
			name = Products;
			sourceTree = "<group>";
		};
		CE9ED16A2A8AEB3E0073C7ED /* DZ */ = {
			isa = PBXGroup;
			children = (
				CE331A452A93AEC8008034FE /* Helpers */,
				CE331A442A93AE99008034FE /* Resources */,
				CE331A432A93AE82008034FE /* Controllers */,
				CE4B250E2A8DBAC20025BF3B /* ViewModels */,
				CE4B250D2A8DBABB0025BF3B /* Views */,
				CE4B250C2A8DBAB20025BF3B /* Models */,
				CE9ED16B2A8AEB3E0073C7ED /* AppDelegate.swift */,
				CE9ED16D2A8AEB3E0073C7ED /* SceneDelegate.swift */,
				CE9ED1762A8AEB430073C7ED /* LaunchScreen.storyboard */,
				CE9ED1792A8AEB430073C7ED /* Info.plist */,
			);
			path = DZ;
			sourceTree = "<group>";
		};
/* End PBXGroup section */

/* Begin PBXNativeTarget section */
		CE9ED1672A8AEB3E0073C7ED /* DZ */ = {
			isa = PBXNativeTarget;
			buildConfigurationList = CE9ED17C2A8AEB430073C7ED /* Build configuration list for PBXNativeTarget "DZ" */;
			buildPhases = (
				CFF044A457597A15B859AA1E /* [CP] Check Pods Manifest.lock */,
				CE9ED1642A8AEB3E0073C7ED /* Sources */,
				CE9ED1652A8AEB3E0073C7ED /* Frameworks */,
				CE9ED1662A8AEB3E0073C7ED /* Resources */,
				FAF18666B8C13C81104CF18B /* [CP] Embed Pods Frameworks */,
			);
			buildRules = (
			);
			dependencies = (
			);
			name = DZ;
			productName = DZ;
			productReference = CE9ED1682A8AEB3E0073C7ED /* DZ.app */;
			productType = "com.apple.product-type.application";
		};
/* End PBXNativeTarget section */

/* Begin PBXProject section */
		CE9ED1602A8AEB3E0073C7ED /* Project object */ = {
			isa = PBXProject;
			attributes = {
				BuildIndependentTargetsInParallel = 1;
				LastSwiftUpdateCheck = 1430;
				LastUpgradeCheck = 1430;
				TargetAttributes = {
					CE9ED1672A8AEB3E0073C7ED = {
						CreatedOnToolsVersion = 14.3.1;
					};
				};
			};
			buildConfigurationList = CE9ED1632A8AEB3E0073C7ED /* Build configuration list for PBXProject "DZ" */;
			compatibilityVersion = "Xcode 14.0";
			developmentRegion = en;
			hasScannedForEncodings = 0;
			knownRegions = (
				en,
				Base,
			);
			mainGroup = CE9ED15F2A8AEB3E0073C7ED;
			productRefGroup = CE9ED1692A8AEB3E0073C7ED /* Products */;
			projectDirPath = "";
			projectRoot = "";
			targets = (
				CE9ED1672A8AEB3E0073C7ED /* DZ */,
			);
		};
/* End PBXProject section */

/* Begin PBXResourcesBuildPhase section */
		CE9ED1662A8AEB3E0073C7ED /* Resources */ = {
			isa = PBXResourcesBuildPhase;
			buildActionMask = 2147483647;
			files = (
				CE9ED1782A8AEB430073C7ED /* LaunchScreen.storyboard in Resources */,
				CE4B25022A8C78960025BF3B /* NeueBit-Bold.otf in Resources */,
				CE9ED1752A8AEB430073C7ED /* Assets.xcassets in Resources */,
				CE4B24FD2A8BFB340025BF3B /* image.jpg in Resources */,
				CE4B25032A8C78990025BF3B /* NeueBit-Regular.otf in Resources */,
			);
			runOnlyForDeploymentPostprocessing = 0;
		};
/* End PBXResourcesBuildPhase section */

/* Begin PBXShellScriptBuildPhase section */
		CFF044A457597A15B859AA1E /* [CP] Check Pods Manifest.lock */ = {
			isa = PBXShellScriptBuildPhase;
			buildActionMask = 2147483647;
			files = (
			);
			inputFileListPaths = (
			);
			inputPaths = (
				"${PODS_PODFILE_DIR_PATH}/Podfile.lock",
				"${PODS_ROOT}/Manifest.lock",
			);
			name = "[CP] Check Pods Manifest.lock";
			outputFileListPaths = (
			);
			outputPaths = (
				"$(DERIVED_FILE_DIR)/Pods-DZ-checkManifestLockResult.txt",
			);
			runOnlyForDeploymentPostprocessing = 0;
			shellPath = /bin/sh;
			shellScript = "diff \"${PODS_PODFILE_DIR_PATH}/Podfile.lock\" \"${PODS_ROOT}/Manifest.lock\" > /dev/null\nif [ $? != 0 ] ; then\n    # print error to STDERR\n    echo \"error: The sandbox is not in sync with the Podfile.lock. Run 'pod install' or update your CocoaPods installation.\" >&2\n    exit 1\nfi\n# This output is used by Xcode 'outputs' to avoid re-running this script phase.\necho \"SUCCESS\" > \"${SCRIPT_OUTPUT_FILE_0}\"\n";
			showEnvVarsInLog = 0;
		};
		FAF18666B8C13C81104CF18B /* [CP] Embed Pods Frameworks */ = {
			isa = PBXShellScriptBuildPhase;
			buildActionMask = 2147483647;
			files = (
			);
			inputFileListPaths = (
				"${PODS_ROOT}/Target Support Files/Pods-DZ/Pods-DZ-frameworks-${CONFIGURATION}-input-files.xcfilelist",
			);
			name = "[CP] Embed Pods Frameworks";
			outputFileListPaths = (
				"${PODS_ROOT}/Target Support Files/Pods-DZ/Pods-DZ-frameworks-${CONFIGURATION}-output-files.xcfilelist",
			);
			runOnlyForDeploymentPostprocessing = 0;
			shellPath = /bin/sh;
			shellScript = "\"${PODS_ROOT}/Target Support Files/Pods-DZ/Pods-DZ-frameworks.sh\"\n";
			showEnvVarsInLog = 0;
		};
/* End PBXShellScriptBuildPhase section */

/* Begin PBXSourcesBuildPhase section */
		CE9ED1642A8AEB3E0073C7ED /* Sources */ = {
			isa = PBXSourcesBuildPhase;
			buildActionMask = 2147483647;
			files = (
				CE4B24FF2A8C1B9E0025BF3B /* DZProfileHeaderViewModel.swift in Sources */,
				CE4B250B2A8DA6EC0025BF3B /* DZGifView.swift in Sources */,
				CE9ED1822A8AF5D70073C7ED /* DZPillButton.swift in Sources */,
				CE9ED1802A8AF5660073C7ED /* DZUser.swift in Sources */,
				CE9ED1702A8AEB3E0073C7ED /* DZProfileViewController.swift in Sources */,
				CE70B7FA2A8E80AD000BC3ED /* DZHelpers.swift in Sources */,
				CE9ED1842A8B12C70073C7ED /* DZProfileHeaderView.swift in Sources */,
				CE78A16A2A91C15900930995 /* DZColors.swift in Sources */,
				CE9ED16C2A8AEB3E0073C7ED /* AppDelegate.swift in Sources */,
				CE9ED16E2A8AEB3E0073C7ED /* SceneDelegate.swift in Sources */,
			);
			runOnlyForDeploymentPostprocessing = 0;
		};
/* End PBXSourcesBuildPhase section */

/* Begin PBXVariantGroup section */
		CE9ED1762A8AEB430073C7ED /* LaunchScreen.storyboard */ = {
			isa = PBXVariantGroup;
			children = (
				CE9ED1772A8AEB430073C7ED /* Base */,
			);
			name = LaunchScreen.storyboard;
			sourceTree = "<group>";
		};
/* End PBXVariantGroup section */

/* Begin XCBuildConfiguration section */
		CE9ED17A2A8AEB430073C7ED /* Debug */ = {
			isa = XCBuildConfiguration;
			buildSettings = {
				ALWAYS_SEARCH_USER_PATHS = NO;
				CLANG_ANALYZER_NONNULL = YES;
				CLANG_ANALYZER_NUMBER_OBJECT_CONVERSION = YES_AGGRESSIVE;
				CLANG_CXX_LANGUAGE_STANDARD = "gnu++20";
				CLANG_ENABLE_MODULES = YES;
				CLANG_ENABLE_OBJC_ARC = YES;
				CLANG_ENABLE_OBJC_WEAK = YES;
				CLANG_WARN_BLOCK_CAPTURE_AUTORELEASING = YES;
				CLANG_WARN_BOOL_CONVERSION = YES;
				CLANG_WARN_COMMA = YES;
				CLANG_WARN_CONSTANT_CONVERSION = YES;
				CLANG_WARN_DEPRECATED_OBJC_IMPLEMENTATIONS = YES;
				CLANG_WARN_DIRECT_OBJC_ISA_USAGE = YES_ERROR;
				CLANG_WARN_DOCUMENTATION_COMMENTS = YES;
				CLANG_WARN_EMPTY_BODY = YES;
				CLANG_WARN_ENUM_CONVERSION = YES;
				CLANG_WARN_INFINITE_RECURSION = YES;
				CLANG_WARN_INT_CONVERSION = YES;
				CLANG_WARN_NON_LITERAL_NULL_CONVERSION = YES;
				CLANG_WARN_OBJC_IMPLICIT_RETAIN_SELF = YES;
				CLANG_WARN_OBJC_LITERAL_CONVERSION = YES;
				CLANG_WARN_OBJC_ROOT_CLASS = YES_ERROR;
				CLANG_WARN_QUOTED_INCLUDE_IN_FRAMEWORK_HEADER = YES;
				CLANG_WARN_RANGE_LOOP_ANALYSIS = YES;
				CLANG_WARN_STRICT_PROTOTYPES = YES;
				CLANG_WARN_SUSPICIOUS_MOVE = YES;
				CLANG_WARN_UNGUARDED_AVAILABILITY = YES_AGGRESSIVE;
				CLANG_WARN_UNREACHABLE_CODE = YES;
				CLANG_WARN__DUPLICATE_METHOD_MATCH = YES;
				COPY_PHASE_STRIP = NO;
				DEBUG_INFORMATION_FORMAT = dwarf;
				ENABLE_STRICT_OBJC_MSGSEND = YES;
				ENABLE_TESTABILITY = YES;
				GCC_C_LANGUAGE_STANDARD = gnu11;
				GCC_DYNAMIC_NO_PIC = NO;
				GCC_NO_COMMON_BLOCKS = YES;
				GCC_OPTIMIZATION_LEVEL = 0;
				GCC_PREPROCESSOR_DEFINITIONS = (
					"DEBUG=1",
					"$(inherited)",
				);
				GCC_WARN_64_TO_32_BIT_CONVERSION = YES;
				GCC_WARN_ABOUT_RETURN_TYPE = YES_ERROR;
				GCC_WARN_UNDECLARED_SELECTOR = YES;
				GCC_WARN_UNINITIALIZED_AUTOS = YES_AGGRESSIVE;
				GCC_WARN_UNUSED_FUNCTION = YES;
				GCC_WARN_UNUSED_VARIABLE = YES;
				IPHONEOS_DEPLOYMENT_TARGET = 16.4;
				MTL_ENABLE_DEBUG_INFO = INCLUDE_SOURCE;
				MTL_FAST_MATH = YES;
				ONLY_ACTIVE_ARCH = YES;
				SDKROOT = iphoneos;
				SWIFT_ACTIVE_COMPILATION_CONDITIONS = DEBUG;
				SWIFT_OPTIMIZATION_LEVEL = "-Onone";
			};
			name = Debug;
		};
		CE9ED17B2A8AEB430073C7ED /* Release */ = {
			isa = XCBuildConfiguration;
			buildSettings = {
				ALWAYS_SEARCH_USER_PATHS = NO;
				CLANG_ANALYZER_NONNULL = YES;
				CLANG_ANALYZER_NUMBER_OBJECT_CONVERSION = YES_AGGRESSIVE;
				CLANG_CXX_LANGUAGE_STANDARD = "gnu++20";
				CLANG_ENABLE_MODULES = YES;
				CLANG_ENABLE_OBJC_ARC = YES;
				CLANG_ENABLE_OBJC_WEAK = YES;
				CLANG_WARN_BLOCK_CAPTURE_AUTORELEASING = YES;
				CLANG_WARN_BOOL_CONVERSION = YES;
				CLANG_WARN_COMMA = YES;
				CLANG_WARN_CONSTANT_CONVERSION = YES;
				CLANG_WARN_DEPRECATED_OBJC_IMPLEMENTATIONS = YES;
				CLANG_WARN_DIRECT_OBJC_ISA_USAGE = YES_ERROR;
				CLANG_WARN_DOCUMENTATION_COMMENTS = YES;
				CLANG_WARN_EMPTY_BODY = YES;
				CLANG_WARN_ENUM_CONVERSION = YES;
				CLANG_WARN_INFINITE_RECURSION = YES;
				CLANG_WARN_INT_CONVERSION = YES;
				CLANG_WARN_NON_LITERAL_NULL_CONVERSION = YES;
				CLANG_WARN_OBJC_IMPLICIT_RETAIN_SELF = YES;
				CLANG_WARN_OBJC_LITERAL_CONVERSION = YES;
				CLANG_WARN_OBJC_ROOT_CLASS = YES_ERROR;
				CLANG_WARN_QUOTED_INCLUDE_IN_FRAMEWORK_HEADER = YES;
				CLANG_WARN_RANGE_LOOP_ANALYSIS = YES;
				CLANG_WARN_STRICT_PROTOTYPES = YES;
				CLANG_WARN_SUSPICIOUS_MOVE = YES;
				CLANG_WARN_UNGUARDED_AVAILABILITY = YES_AGGRESSIVE;
				CLANG_WARN_UNREACHABLE_CODE = YES;
				CLANG_WARN__DUPLICATE_METHOD_MATCH = YES;
				COPY_PHASE_STRIP = NO;
				DEBUG_INFORMATION_FORMAT = "dwarf-with-dsym";
				ENABLE_NS_ASSERTIONS = NO;
				ENABLE_STRICT_OBJC_MSGSEND = YES;
				GCC_C_LANGUAGE_STANDARD = gnu11;
				GCC_NO_COMMON_BLOCKS = YES;
				GCC_WARN_64_TO_32_BIT_CONVERSION = YES;
				GCC_WARN_ABOUT_RETURN_TYPE = YES_ERROR;
				GCC_WARN_UNDECLARED_SELECTOR = YES;
				GCC_WARN_UNINITIALIZED_AUTOS = YES_AGGRESSIVE;
				GCC_WARN_UNUSED_FUNCTION = YES;
				GCC_WARN_UNUSED_VARIABLE = YES;
				IPHONEOS_DEPLOYMENT_TARGET = 16.4;
				MTL_ENABLE_DEBUG_INFO = NO;
				MTL_FAST_MATH = YES;
				SDKROOT = iphoneos;
				SWIFT_COMPILATION_MODE = wholemodule;
				SWIFT_OPTIMIZATION_LEVEL = "-O";
				VALIDATE_PRODUCT = YES;
			};
			name = Release;
		};
		CE9ED17D2A8AEB430073C7ED /* Debug */ = {
			isa = XCBuildConfiguration;
			baseConfigurationReference = 27222401F3F21031D211154D /* Pods-DZ.debug.xcconfig */;
			buildSettings = {
				ASSETCATALOG_COMPILER_APPICON_NAME = AppIcon;
				ASSETCATALOG_COMPILER_GLOBAL_ACCENT_COLOR_NAME = AccentColor;
				CODE_SIGN_STYLE = Automatic;
				CURRENT_PROJECT_VERSION = 1;
				DEVELOPMENT_TEAM = VX452D4486;
				GENERATE_INFOPLIST_FILE = YES;
				INFOPLIST_FILE = DZ/Info.plist;
				INFOPLIST_KEY_UIApplicationSupportsIndirectInputEvents = YES;
				INFOPLIST_KEY_UILaunchStoryboardName = LaunchScreen;
				INFOPLIST_KEY_UISupportedInterfaceOrientations_iPad = "UIInterfaceOrientationPortrait UIInterfaceOrientationPortraitUpsideDown UIInterfaceOrientationLandscapeLeft UIInterfaceOrientationLandscapeRight";
				INFOPLIST_KEY_UISupportedInterfaceOrientations_iPhone = "UIInterfaceOrientationPortrait UIInterfaceOrientationLandscapeLeft UIInterfaceOrientationLandscapeRight";
				LD_RUNPATH_SEARCH_PATHS = (
					"$(inherited)",
					"@executable_path/Frameworks",
				);
				MARKETING_VERSION = 1.0;
				PRODUCT_BUNDLE_IDENTIFIER = com.nikkitran.DZ;
				PRODUCT_NAME = "$(TARGET_NAME)";
				SWIFT_EMIT_LOC_STRINGS = YES;
				SWIFT_VERSION = 5.0;
				TARGETED_DEVICE_FAMILY = "1,2";
			};
			name = Debug;
		};
		CE9ED17E2A8AEB430073C7ED /* Release */ = {
			isa = XCBuildConfiguration;
			baseConfigurationReference = 9A4AF48EE523477811A07E17 /* Pods-DZ.release.xcconfig */;
			buildSettings = {
				ASSETCATALOG_COMPILER_APPICON_NAME = AppIcon;
				ASSETCATALOG_COMPILER_GLOBAL_ACCENT_COLOR_NAME = AccentColor;
				CODE_SIGN_STYLE = Automatic;
				CURRENT_PROJECT_VERSION = 1;
				DEVELOPMENT_TEAM = VX452D4486;
				GENERATE_INFOPLIST_FILE = YES;
				INFOPLIST_FILE = DZ/Info.plist;
				INFOPLIST_KEY_UIApplicationSupportsIndirectInputEvents = YES;
				INFOPLIST_KEY_UILaunchStoryboardName = LaunchScreen;
				INFOPLIST_KEY_UISupportedInterfaceOrientations_iPad = "UIInterfaceOrientationPortrait UIInterfaceOrientationPortraitUpsideDown UIInterfaceOrientationLandscapeLeft UIInterfaceOrientationLandscapeRight";
				INFOPLIST_KEY_UISupportedInterfaceOrientations_iPhone = "UIInterfaceOrientationPortrait UIInterfaceOrientationLandscapeLeft UIInterfaceOrientationLandscapeRight";
				LD_RUNPATH_SEARCH_PATHS = (
					"$(inherited)",
					"@executable_path/Frameworks",
				);
				MARKETING_VERSION = 1.0;
				PRODUCT_BUNDLE_IDENTIFIER = com.nikkitran.DZ;
				PRODUCT_NAME = "$(TARGET_NAME)";
				SWIFT_EMIT_LOC_STRINGS = YES;
				SWIFT_VERSION = 5.0;
				TARGETED_DEVICE_FAMILY = "1,2";
			};
			name = Release;
		};
/* End XCBuildConfiguration section */

/* Begin XCConfigurationList section */
		CE9ED1632A8AEB3E0073C7ED /* Build configuration list for PBXProject "DZ" */ = {
			isa = XCConfigurationList;
			buildConfigurations = (
				CE9ED17A2A8AEB430073C7ED /* Debug */,
				CE9ED17B2A8AEB430073C7ED /* Release */,
			);
			defaultConfigurationIsVisible = 0;
			defaultConfigurationName = Release;
		};
		CE9ED17C2A8AEB430073C7ED /* Build configuration list for PBXNativeTarget "DZ" */ = {
			isa = XCConfigurationList;
			buildConfigurations = (
				CE9ED17D2A8AEB430073C7ED /* Debug */,
				CE9ED17E2A8AEB430073C7ED /* Release */,
			);
			defaultConfigurationIsVisible = 0;
			defaultConfigurationName = Release;
		};
/* End XCConfigurationList section */
	};
	rootObject = CE9ED1602A8AEB3E0073C7ED /* Project object */;
}
